
Microsoft Visual Studio Solution File, Format Version 12.00
# Visual Studio Version 17
VisualStudioVersion = 17.3.32901.215
MinimumVisualStudioVersion = 10.0.40219.1
Project("{FAE04EC0-301F-11D3-BF4B-00C04F79EFBC}") = "SzerverOf_5het", "SzerverOf_5het\SzerverOf_5het.csproj", "{5AAB26D9-0193-4220-867C-D828A5CA3691}"
EndProject
Global
	GlobalSection(SolutionConfigurationPlatforms) = preSolution
		Debug|Any CPU = Debug|Any CPU
		Release|Any CPU = Release|Any CPU
	EndGlobalSection
	GlobalSection(ProjectConfigurationPlatforms) = postSolution
		{5AAB26D9-0193-4220-867C-D828A5CA3691}.Debug|Any CPU.ActiveCfg = Debug|Any CPU
		{5AAB26D9-0193-4220-867C-D828A5CA3691}.Debug|Any CPU.Build.0 = Debug|Any CPU
		{5AAB26D9-0193-4220-867C-D828A5CA3691}.Release|Any CPU.ActiveCfg = Release|Any CPU
		{5AAB26D9-0193-4220-867C-D828A5CA3691}.Release|Any CPU.Build.0 = Release|Any CPU
	EndGlobalSection
	GlobalSection(SolutionProperties) = preSolution
		HideSolutionNode = FALSE
	EndGlobalSection
	GlobalSection(ExtensibilityGlobals) = postSolution
		SolutionGuid = {D09ABC2F-CB35-4383-835C-8D307CDC5E40}
	EndGlobalSection
EndGlobal
